
Microsoft Visual Studio Solution File, Format Version 12.00
# Visual Studio Version 17
VisualStudioVersion = 17.9.34616.47
MinimumVisualStudioVersion = 10.0.40219.1
Project("{00D1A9C2-B5F0-4AF3-8072-F6C62B433612}") = "TasmData", "TasmData\TasmData.sqlproj", "{E792767C-9AA6-4C1B-AF05-996E15D52145}"
EndProject
Project("{FAE04EC0-301F-11D3-BF4B-00C04F79EFBC}") = "TasmSite", "TasmSite\TasmSite.csproj", "{C2C2EFA6-E7DD-4C1B-B4E7-28698FA03F9B}"
	ProjectSection(ProjectDependencies) = postProject
		{E792767C-9AA6-4C1B-AF05-996E15D52145} = {E792767C-9AA6-4C1B-AF05-996E15D52145}
	EndProjectSection
EndProject
Project("{FAE04EC0-301F-11D3-BF4B-00C04F79EFBC}") = "TasmSite.Tests", "TasmSite.Tests\TasmSite.Tests.csproj", "{2AF48C9F-D2C0-419B-B8A9-40D56C5F0370}"
EndProject
Global
	GlobalSection(SolutionConfigurationPlatforms) = preSolution
		Debug|Any CPU = Debug|Any CPU
		Release|Any CPU = Release|Any CPU
	EndGlobalSection
	GlobalSection(ProjectConfigurationPlatforms) = postSolution
		{E792767C-9AA6-4C1B-AF05-996E15D52145}.Debug|Any CPU.ActiveCfg = Debug|Any CPU
		{E792767C-9AA6-4C1B-AF05-996E15D52145}.Debug|Any CPU.Build.0 = Debug|Any CPU
		{E792767C-9AA6-4C1B-AF05-996E15D52145}.Debug|Any CPU.Deploy.0 = Debug|Any CPU
		{E792767C-9AA6-4C1B-AF05-996E15D52145}.Release|Any CPU.ActiveCfg = Release|Any CPU
		{E792767C-9AA6-4C1B-AF05-996E15D52145}.Release|Any CPU.Build.0 = Release|Any CPU
		{E792767C-9AA6-4C1B-AF05-996E15D52145}.Release|Any CPU.Deploy.0 = Release|Any CPU
		{C2C2EFA6-E7DD-4C1B-B4E7-28698FA03F9B}.Debug|Any CPU.ActiveCfg = Debug|Any CPU
		{C2C2EFA6-E7DD-4C1B-B4E7-28698FA03F9B}.Debug|Any CPU.Build.0 = Debug|Any CPU
		{C2C2EFA6-E7DD-4C1B-B4E7-28698FA03F9B}.Release|Any CPU.ActiveCfg = Release|Any CPU
		{C2C2EFA6-E7DD-4C1B-B4E7-28698FA03F9B}.Release|Any CPU.Build.0 = Release|Any CPU
		{2AF48C9F-D2C0-419B-B8A9-40D56C5F0370}.Debug|Any CPU.ActiveCfg = Debug|Any CPU
		{2AF48C9F-D2C0-419B-B8A9-40D56C5F0370}.Debug|Any CPU.Build.0 = Debug|Any CPU
		{2AF48C9F-D2C0-419B-B8A9-40D56C5F0370}.Release|Any CPU.ActiveCfg = Release|Any CPU
		{2AF48C9F-D2C0-419B-B8A9-40D56C5F0370}.Release|Any CPU.Build.0 = Release|Any CPU
	EndGlobalSection
	GlobalSection(SolutionProperties) = preSolution
		HideSolutionNode = FALSE
	EndGlobalSection
	GlobalSection(ExtensibilityGlobals) = postSolution
		SolutionGuid = {E8423E34-751A-4F25-A315-DF8661AB7B9B}
	EndGlobalSection
EndGlobal
